
Microsoft Visual Studio Solution File, Format Version 12.00
# Visual Studio Version 17
VisualStudioVersion = 17.12.35527.113 d17.12
MinimumVisualStudioVersion = 10.0.40219.1
Project("{FAE04EC0-301F-11D3-BF4B-00C04F79EFBC}") = "DurableAgentFunctions", "DurableAgentFunctions\DurableAgentFunctions.csproj", "{855D0DD7-57E5-488E-9CF7-A0C8C21C2221}"
EndProject
Project("{FAE04EC0-301F-11D3-BF4B-00C04F79EFBC}") = "DurableAgentSignalR", "DurableAgentSignalR\DurableAgentSignalR.csproj", "{312315EB-9C2D-4908-B52A-587E949BF36E}"
EndProject
Project("{54A90642-561A-4BB1-A94E-469ADEE60C69}") = "acswithaiagent.client", "storyteller.client\acswithaiagent.client.esproj", "{BCCB7ACC-4744-435E-99F5-F56BCB5B6450}"
EndProject
Project("{FAE04EC0-301F-11D3-BF4B-00C04F79EFBC}") = "MultiAgentHost", "MultiAgentHost\MultiAgentHost.csproj", "{036E2819-39A2-4388-8CF7-83484D9CCA07}"
EndProject
Global
	GlobalSection(SolutionConfigurationPlatforms) = preSolution
		Debug|Any CPU = Debug|Any CPU
		Release|Any CPU = Release|Any CPU
	EndGlobalSection
	GlobalSection(ProjectConfigurationPlatforms) = postSolution
		{855D0DD7-57E5-488E-9CF7-A0C8C21C2221}.Debug|Any CPU.ActiveCfg = Debug|Any CPU
		{855D0DD7-57E5-488E-9CF7-A0C8C21C2221}.Debug|Any CPU.Build.0 = Debug|Any CPU
		{855D0DD7-57E5-488E-9CF7-A0C8C21C2221}.Release|Any CPU.ActiveCfg = Release|Any CPU
		{855D0DD7-57E5-488E-9CF7-A0C8C21C2221}.Release|Any CPU.Build.0 = Release|Any CPU
		{312315EB-9C2D-4908-B52A-587E949BF36E}.Debug|Any CPU.ActiveCfg = Debug|Any CPU
		{312315EB-9C2D-4908-B52A-587E949BF36E}.Debug|Any CPU.Build.0 = Debug|Any CPU
		{312315EB-9C2D-4908-B52A-587E949BF36E}.Release|Any CPU.ActiveCfg = Release|Any CPU
		{312315EB-9C2D-4908-B52A-587E949BF36E}.Release|Any CPU.Build.0 = Release|Any CPU
		{BCCB7ACC-4744-435E-99F5-F56BCB5B6450}.Debug|Any CPU.ActiveCfg = Debug|Any CPU
		{BCCB7ACC-4744-435E-99F5-F56BCB5B6450}.Debug|Any CPU.Build.0 = Debug|Any CPU
		{BCCB7ACC-4744-435E-99F5-F56BCB5B6450}.Release|Any CPU.ActiveCfg = Debug|Any CPU
		{BCCB7ACC-4744-435E-99F5-F56BCB5B6450}.Release|Any CPU.Build.0 = Debug|Any CPU
		{036E2819-39A2-4388-8CF7-83484D9CCA07}.Debug|Any CPU.ActiveCfg = Debug|Any CPU
		{036E2819-39A2-4388-8CF7-83484D9CCA07}.Debug|Any CPU.Build.0 = Debug|Any CPU
		{036E2819-39A2-4388-8CF7-83484D9CCA07}.Release|Any CPU.ActiveCfg = Release|Any CPU
		{036E2819-39A2-4388-8CF7-83484D9CCA07}.Release|Any CPU.Build.0 = Release|Any CPU
	EndGlobalSection
	GlobalSection(SolutionProperties) = preSolution
		HideSolutionNode = FALSE
	EndGlobalSection
EndGlobal
